
Microsoft Visual Studio Solution File, Format Version 12.00
# Visual Studio Version 16
VisualStudioVersion = 16.0.29709.97
MinimumVisualStudioVersion = 10.0.40219.1
Project("{FAE04EC0-301F-11D3-BF4B-00C04F79EFBC}") = "Task1_5_Calculator", "Task1_5_Calculator.csproj", "{6E9586EF-73AD-4F48-AB77-F44A27F04B4E}"
EndProject
Global
	GlobalSection(SolutionConfigurationPlatforms) = preSolution
		Debug|Any CPU = Debug|Any CPU
		Release|Any CPU = Release|Any CPU
	EndGlobalSection
	GlobalSection(ProjectConfigurationPlatforms) = postSolution
		{6E9586EF-73AD-4F48-AB77-F44A27F04B4E}.Debug|Any CPU.ActiveCfg = Debug|Any CPU
		{6E9586EF-73AD-4F48-AB77-F44A27F04B4E}.Debug|Any CPU.Build.0 = Debug|Any CPU
		{6E9586EF-73AD-4F48-AB77-F44A27F04B4E}.Release|Any CPU.ActiveCfg = Release|Any CPU
		{6E9586EF-73AD-4F48-AB77-F44A27F04B4E}.Release|Any CPU.Build.0 = Release|Any CPU
	EndGlobalSection
	GlobalSection(SolutionProperties) = preSolution
		HideSolutionNode = FALSE
	EndGlobalSection
	GlobalSection(ExtensibilityGlobals) = postSolution
		SolutionGuid = {A654CF7E-C657-4527-837A-9D52C0446403}
	EndGlobalSection
EndGlobal
